
Microsoft Visual Studio Solution File, Format Version 12.00
# Visual Studio Version 17
VisualStudioVersion = 17.4.33110.190
MinimumVisualStudioVersion = 10.0.40219.1
Project("{FAE04EC0-301F-11D3-BF4B-00C04F79EFBC}") = "MB02", "MB02\MB02.csproj", "{DC8F7655-B2AC-499E-968A-D632E26C8282}"
EndProject
Project("{FAE04EC0-301F-11D3-BF4B-00C04F79EFBC}") = "Funktionen", "Funktionen\Funktionen.csproj", "{381A99B9-3CBF-4A57-B8FF-F84B45BE14BD}"
EndProject
Project("{FAE04EC0-301F-11D3-BF4B-00C04F79EFBC}") = "Arrays", "Arrays\Arrays.csproj", "{EDFD1D70-EF79-4CDC-BC88-4FF07EE80588}"
EndProject
Project("{FAE04EC0-301F-11D3-BF4B-00C04F79EFBC}") = "Shapes", "Shapes\Shapes.csproj", "{B94645BD-4DD0-4F01-99AA-075F713DCE08}"
EndProject
Global
	GlobalSection(SolutionConfigurationPlatforms) = preSolution
		Debug|Any CPU = Debug|Any CPU
		Release|Any CPU = Release|Any CPU
	EndGlobalSection
	GlobalSection(ProjectConfigurationPlatforms) = postSolution
		{DC8F7655-B2AC-499E-968A-D632E26C8282}.Debug|Any CPU.ActiveCfg = Debug|Any CPU
		{DC8F7655-B2AC-499E-968A-D632E26C8282}.Debug|Any CPU.Build.0 = Debug|Any CPU
		{DC8F7655-B2AC-499E-968A-D632E26C8282}.Release|Any CPU.ActiveCfg = Release|Any CPU
		{DC8F7655-B2AC-499E-968A-D632E26C8282}.Release|Any CPU.Build.0 = Release|Any CPU
		{381A99B9-3CBF-4A57-B8FF-F84B45BE14BD}.Debug|Any CPU.ActiveCfg = Debug|Any CPU
		{381A99B9-3CBF-4A57-B8FF-F84B45BE14BD}.Debug|Any CPU.Build.0 = Debug|Any CPU
		{381A99B9-3CBF-4A57-B8FF-F84B45BE14BD}.Release|Any CPU.ActiveCfg = Release|Any CPU
		{381A99B9-3CBF-4A57-B8FF-F84B45BE14BD}.Release|Any CPU.Build.0 = Release|Any CPU
		{EDFD1D70-EF79-4CDC-BC88-4FF07EE80588}.Debug|Any CPU.ActiveCfg = Debug|Any CPU
		{EDFD1D70-EF79-4CDC-BC88-4FF07EE80588}.Debug|Any CPU.Build.0 = Debug|Any CPU
		{EDFD1D70-EF79-4CDC-BC88-4FF07EE80588}.Release|Any CPU.ActiveCfg = Release|Any CPU
		{EDFD1D70-EF79-4CDC-BC88-4FF07EE80588}.Release|Any CPU.Build.0 = Release|Any CPU
		{B94645BD-4DD0-4F01-99AA-075F713DCE08}.Debug|Any CPU.ActiveCfg = Debug|Any CPU
		{B94645BD-4DD0-4F01-99AA-075F713DCE08}.Debug|Any CPU.Build.0 = Debug|Any CPU
		{B94645BD-4DD0-4F01-99AA-075F713DCE08}.Release|Any CPU.ActiveCfg = Release|Any CPU
		{B94645BD-4DD0-4F01-99AA-075F713DCE08}.Release|Any CPU.Build.0 = Release|Any CPU
	EndGlobalSection
	GlobalSection(SolutionProperties) = preSolution
		HideSolutionNode = FALSE
	EndGlobalSection
	GlobalSection(ExtensibilityGlobals) = postSolution
		SolutionGuid = {2D909084-CE3D-49AD-93C4-A0B7810ADE1A}
	EndGlobalSection
EndGlobal
