
Microsoft Visual Studio Solution File, Format Version 12.00
# Visual Studio Version 17
VisualStudioVersion = 17.4.33110.190
MinimumVisualStudioVersion = 10.0.40219.1
Project("{9A19103F-16F7-4668-BE54-9A1E7A4F7556}") = "MB02", "MB02\MB02.csproj", "{DC8F7655-B2AC-499E-968A-D632E26C8282}"
EndProject
Project("{9A19103F-16F7-4668-BE54-9A1E7A4F7556}") = "Funktionen", "Funktionen\Funktionen.csproj", "{381A99B9-3CBF-4A57-B8FF-F84B45BE14BD}"
EndProject
Project("{9A19103F-16F7-4668-BE54-9A1E7A4F7556}") = "Arrays", "Arrays\Arrays.csproj", "{EDFD1D70-EF79-4CDC-BC88-4FF07EE80588}"
EndProject
Project("{9A19103F-16F7-4668-BE54-9A1E7A4F7556}") = "Shapes", "Shapes\Shapes.csproj", "{B94645BD-4DD0-4F01-99AA-075F713DCE08}"
EndProject
Project("{9A19103F-16F7-4668-BE54-9A1E7A4F7556}") = "WutPerson", "WutPerson\WutPerson.csproj", "{1A3FD599-EE64-4825-BF37-9FB5FA9543F5}"
EndProject
Project("{9A19103F-16F7-4668-BE54-9A1E7A4F7556}") = "FunktionenTests", "FunktionenTests\FunktionenTests.csproj", "{D239191B-A551-48CE-B8C1-18A3BFB56121}"
EndProject
Project("{9A19103F-16F7-4668-BE54-9A1E7A4F7556}") = "PortfolioAufgabeGeoShapes", "PortfolioAufgabeGeoShapes\PortfolioAufgabeGeoShapes.csproj", "{50B9A6E9-8644-4462-A866-44E77E263EB2}"
EndProject
Project("{9A19103F-16F7-4668-BE54-9A1E7A4F7556}") = "PortfolioAufgabeGeoShapesTests", "PortfolioAufgabeGeoShapesTests\PortfolioAufgabeGeoShapesTests.csproj", "{CBE319BF-51D3-45BC-BF5C-58B33B3A5B3E}"
EndProject
Project("{9A19103F-16F7-4668-BE54-9A1E7A4F7556}") = "Randomizer", "Randomizer\Randomizer.csproj", "{5AEC0407-ED2A-4611-8487-7371D1B0A64C}"
EndProject
Project("{9A19103F-16F7-4668-BE54-9A1E7A4F7556}") = "DatenstrukturenAlgorithmus", "DatenstrukturenAlgorithmus\DatenstrukturenAlgorithmus.csproj", "{5A2A9161-2EBE-4A9C-9F53-1FF3269E3D65}"
EndProject
Project("{9A19103F-16F7-4668-BE54-9A1E7A4F7556}") = "DatenstrukturenAlgorithmus2", "DatenstrukturenAlgorithmus2\DatenstrukturenAlgorithmus2.csproj", "{7D8A6E46-A0B1-446C-A25A-0D0743BD77A2}"
EndProject
Project("{9A19103F-16F7-4668-BE54-9A1E7A4F7556}") = "Datenstrukturen_Queues_Lists", "Datenstrukturen_Queues_Lists\Datenstrukturen_Queues_Lists.csproj", "{12AD4FC0-3389-4B63-824D-4747B4FC600C}"
EndProject
Project("{2150E333-8FDC-42A3-9474-1A3956D46DE8}") = "NewFolder1", "NewFolder1", "{301B0902-E320-4D55-B23E-CB1271CEAE21}"
EndProject
Project("{9A19103F-16F7-4668-BE54-9A1E7A4F7556}") = "Datenstrukturen_Hashtable_Anwendung", "Datenstrukturen_Hashtable_Anwendung\Datenstrukturen_Hashtable_Anwendung.csproj", "{177C8488-CAA6-4E22-877D-5A6C1B299F6C}"
EndProject
Project("{9A19103F-16F7-4668-BE54-9A1E7A4F7556}") = "Datenstrukturen_Quicksort", "Datenstrukturen_Quicksort\Datenstrukturen_Quicksort.csproj", "{D476B74E-6737-49DE-8A60-9C96DEDF633A}"
EndProject
Project("{9A19103F-16F7-4668-BE54-9A1E7A4F7556}") = "PasswordHashing", "PasswordHashing\PasswordHashing.csproj", "{B0E5765F-5C24-410B-A317-FD80188C4EDD}"
EndProject
Project("{FAE04EC0-301F-11D3-BF4B-00C04F79EFBC}") = "MergeSort_Portfolio_MFaessler", "MergeSort_Portfolio_MFaessler\MergeSort_Portfolio_MFaessler.csproj", "{7917BE98-4D25-421F-9181-CB4F1175F02B}"
EndProject
Global
	GlobalSection(SolutionConfigurationPlatforms) = preSolution
		Debug|Any CPU = Debug|Any CPU
		Release|Any CPU = Release|Any CPU
	EndGlobalSection
	GlobalSection(ProjectConfigurationPlatforms) = postSolution
		{DC8F7655-B2AC-499E-968A-D632E26C8282}.Debug|Any CPU.ActiveCfg = Debug|Any CPU
		{DC8F7655-B2AC-499E-968A-D632E26C8282}.Debug|Any CPU.Build.0 = Debug|Any CPU
		{DC8F7655-B2AC-499E-968A-D632E26C8282}.Release|Any CPU.ActiveCfg = Release|Any CPU
		{DC8F7655-B2AC-499E-968A-D632E26C8282}.Release|Any CPU.Build.0 = Release|Any CPU
		{381A99B9-3CBF-4A57-B8FF-F84B45BE14BD}.Debug|Any CPU.ActiveCfg = Debug|Any CPU
		{381A99B9-3CBF-4A57-B8FF-F84B45BE14BD}.Debug|Any CPU.Build.0 = Debug|Any CPU
		{381A99B9-3CBF-4A57-B8FF-F84B45BE14BD}.Release|Any CPU.ActiveCfg = Release|Any CPU
		{381A99B9-3CBF-4A57-B8FF-F84B45BE14BD}.Release|Any CPU.Build.0 = Release|Any CPU
		{EDFD1D70-EF79-4CDC-BC88-4FF07EE80588}.Debug|Any CPU.ActiveCfg = Debug|Any CPU
		{EDFD1D70-EF79-4CDC-BC88-4FF07EE80588}.Debug|Any CPU.Build.0 = Debug|Any CPU
		{EDFD1D70-EF79-4CDC-BC88-4FF07EE80588}.Release|Any CPU.ActiveCfg = Release|Any CPU
		{EDFD1D70-EF79-4CDC-BC88-4FF07EE80588}.Release|Any CPU.Build.0 = Release|Any CPU
		{B94645BD-4DD0-4F01-99AA-075F713DCE08}.Debug|Any CPU.ActiveCfg = Debug|Any CPU
		{B94645BD-4DD0-4F01-99AA-075F713DCE08}.Debug|Any CPU.Build.0 = Debug|Any CPU
		{B94645BD-4DD0-4F01-99AA-075F713DCE08}.Release|Any CPU.ActiveCfg = Release|Any CPU
		{B94645BD-4DD0-4F01-99AA-075F713DCE08}.Release|Any CPU.Build.0 = Release|Any CPU
		{1A3FD599-EE64-4825-BF37-9FB5FA9543F5}.Debug|Any CPU.ActiveCfg = Debug|Any CPU
		{1A3FD599-EE64-4825-BF37-9FB5FA9543F5}.Debug|Any CPU.Build.0 = Debug|Any CPU
		{1A3FD599-EE64-4825-BF37-9FB5FA9543F5}.Release|Any CPU.ActiveCfg = Release|Any CPU
		{1A3FD599-EE64-4825-BF37-9FB5FA9543F5}.Release|Any CPU.Build.0 = Release|Any CPU
		{D239191B-A551-48CE-B8C1-18A3BFB56121}.Debug|Any CPU.ActiveCfg = Debug|Any CPU
		{D239191B-A551-48CE-B8C1-18A3BFB56121}.Debug|Any CPU.Build.0 = Debug|Any CPU
		{D239191B-A551-48CE-B8C1-18A3BFB56121}.Release|Any CPU.ActiveCfg = Release|Any CPU
		{D239191B-A551-48CE-B8C1-18A3BFB56121}.Release|Any CPU.Build.0 = Release|Any CPU
		{50B9A6E9-8644-4462-A866-44E77E263EB2}.Debug|Any CPU.ActiveCfg = Debug|Any CPU
		{50B9A6E9-8644-4462-A866-44E77E263EB2}.Debug|Any CPU.Build.0 = Debug|Any CPU
		{50B9A6E9-8644-4462-A866-44E77E263EB2}.Release|Any CPU.ActiveCfg = Release|Any CPU
		{50B9A6E9-8644-4462-A866-44E77E263EB2}.Release|Any CPU.Build.0 = Release|Any CPU
		{CBE319BF-51D3-45BC-BF5C-58B33B3A5B3E}.Debug|Any CPU.ActiveCfg = Debug|Any CPU
		{CBE319BF-51D3-45BC-BF5C-58B33B3A5B3E}.Debug|Any CPU.Build.0 = Debug|Any CPU
		{CBE319BF-51D3-45BC-BF5C-58B33B3A5B3E}.Release|Any CPU.ActiveCfg = Release|Any CPU
		{CBE319BF-51D3-45BC-BF5C-58B33B3A5B3E}.Release|Any CPU.Build.0 = Release|Any CPU
		{5AEC0407-ED2A-4611-8487-7371D1B0A64C}.Debug|Any CPU.ActiveCfg = Debug|Any CPU
		{5AEC0407-ED2A-4611-8487-7371D1B0A64C}.Debug|Any CPU.Build.0 = Debug|Any CPU
		{5AEC0407-ED2A-4611-8487-7371D1B0A64C}.Release|Any CPU.ActiveCfg = Release|Any CPU
		{5AEC0407-ED2A-4611-8487-7371D1B0A64C}.Release|Any CPU.Build.0 = Release|Any CPU
		{5A2A9161-2EBE-4A9C-9F53-1FF3269E3D65}.Debug|Any CPU.ActiveCfg = Debug|Any CPU
		{5A2A9161-2EBE-4A9C-9F53-1FF3269E3D65}.Debug|Any CPU.Build.0 = Debug|Any CPU
		{5A2A9161-2EBE-4A9C-9F53-1FF3269E3D65}.Release|Any CPU.ActiveCfg = Release|Any CPU
		{5A2A9161-2EBE-4A9C-9F53-1FF3269E3D65}.Release|Any CPU.Build.0 = Release|Any CPU
		{7D8A6E46-A0B1-446C-A25A-0D0743BD77A2}.Debug|Any CPU.ActiveCfg = Debug|Any CPU
		{7D8A6E46-A0B1-446C-A25A-0D0743BD77A2}.Debug|Any CPU.Build.0 = Debug|Any CPU
		{7D8A6E46-A0B1-446C-A25A-0D0743BD77A2}.Release|Any CPU.ActiveCfg = Release|Any CPU
		{7D8A6E46-A0B1-446C-A25A-0D0743BD77A2}.Release|Any CPU.Build.0 = Release|Any CPU
		{12AD4FC0-3389-4B63-824D-4747B4FC600C}.Debug|Any CPU.ActiveCfg = Debug|Any CPU
		{12AD4FC0-3389-4B63-824D-4747B4FC600C}.Debug|Any CPU.Build.0 = Debug|Any CPU
		{12AD4FC0-3389-4B63-824D-4747B4FC600C}.Release|Any CPU.ActiveCfg = Release|Any CPU
		{12AD4FC0-3389-4B63-824D-4747B4FC600C}.Release|Any CPU.Build.0 = Release|Any CPU
		{177C8488-CAA6-4E22-877D-5A6C1B299F6C}.Debug|Any CPU.ActiveCfg = Debug|Any CPU
		{177C8488-CAA6-4E22-877D-5A6C1B299F6C}.Debug|Any CPU.Build.0 = Debug|Any CPU
		{177C8488-CAA6-4E22-877D-5A6C1B299F6C}.Release|Any CPU.ActiveCfg = Release|Any CPU
		{177C8488-CAA6-4E22-877D-5A6C1B299F6C}.Release|Any CPU.Build.0 = Release|Any CPU
		{D476B74E-6737-49DE-8A60-9C96DEDF633A}.Debug|Any CPU.ActiveCfg = Debug|Any CPU
		{D476B74E-6737-49DE-8A60-9C96DEDF633A}.Debug|Any CPU.Build.0 = Debug|Any CPU
		{D476B74E-6737-49DE-8A60-9C96DEDF633A}.Release|Any CPU.ActiveCfg = Release|Any CPU
		{D476B74E-6737-49DE-8A60-9C96DEDF633A}.Release|Any CPU.Build.0 = Release|Any CPU
		{B0E5765F-5C24-410B-A317-FD80188C4EDD}.Debug|Any CPU.ActiveCfg = Debug|Any CPU
		{B0E5765F-5C24-410B-A317-FD80188C4EDD}.Debug|Any CPU.Build.0 = Debug|Any CPU
		{B0E5765F-5C24-410B-A317-FD80188C4EDD}.Release|Any CPU.ActiveCfg = Release|Any CPU
		{B0E5765F-5C24-410B-A317-FD80188C4EDD}.Release|Any CPU.Build.0 = Release|Any CPU
		{7917BE98-4D25-421F-9181-CB4F1175F02B}.Debug|Any CPU.ActiveCfg = Debug|Any CPU
		{7917BE98-4D25-421F-9181-CB4F1175F02B}.Debug|Any CPU.Build.0 = Debug|Any CPU
		{7917BE98-4D25-421F-9181-CB4F1175F02B}.Release|Any CPU.ActiveCfg = Release|Any CPU
		{7917BE98-4D25-421F-9181-CB4F1175F02B}.Release|Any CPU.Build.0 = Release|Any CPU
	EndGlobalSection
	GlobalSection(SolutionProperties) = preSolution
		HideSolutionNode = FALSE
	EndGlobalSection
	GlobalSection(ExtensibilityGlobals) = postSolution
		SolutionGuid = {2D909084-CE3D-49AD-93C4-A0B7810ADE1A}
	EndGlobalSection
EndGlobal
